
Microsoft Visual Studio Solution File, Format Version 12.00
# Visual Studio Version 16
VisualStudioVersion = 16.0.29201.188
MinimumVisualStudioVersion = 10.0.40219.1
Project("{FAE04EC0-301F-11D3-BF4B-00C04F79EFBC}") = "IDOLDataBase", "IDOLDataBase\IDOLDataBase.csproj", "{9814F71C-371C-428C-B876-E8EC082F7F7B}"
EndProject
Project("{FAE04EC0-301F-11D3-BF4B-00C04F79EFBC}") = "IDOLData", "IDOLData\IDOLData.csproj", "{31F4BAE0-AEF9-46F3-9853-3882673CC787}"
EndProject
Global
	GlobalSection(SolutionConfigurationPlatforms) = preSolution
		Debug|Any CPU = Debug|Any CPU
		Release|Any CPU = Release|Any CPU
	EndGlobalSection
	GlobalSection(ProjectConfigurationPlatforms) = postSolution
		{9814F71C-371C-428C-B876-E8EC082F7F7B}.Debug|Any CPU.ActiveCfg = Debug|Any CPU
		{9814F71C-371C-428C-B876-E8EC082F7F7B}.Debug|Any CPU.Build.0 = Debug|Any CPU
		{9814F71C-371C-428C-B876-E8EC082F7F7B}.Release|Any CPU.ActiveCfg = Release|Any CPU
		{9814F71C-371C-428C-B876-E8EC082F7F7B}.Release|Any CPU.Build.0 = Release|Any CPU
		{31F4BAE0-AEF9-46F3-9853-3882673CC787}.Debug|Any CPU.ActiveCfg = Debug|Any CPU
		{31F4BAE0-AEF9-46F3-9853-3882673CC787}.Debug|Any CPU.Build.0 = Debug|Any CPU
		{31F4BAE0-AEF9-46F3-9853-3882673CC787}.Release|Any CPU.ActiveCfg = Release|Any CPU
		{31F4BAE0-AEF9-46F3-9853-3882673CC787}.Release|Any CPU.Build.0 = Release|Any CPU
	EndGlobalSection
	GlobalSection(SolutionProperties) = preSolution
		HideSolutionNode = FALSE
	EndGlobalSection
	GlobalSection(ExtensibilityGlobals) = postSolution
		SolutionGuid = {ECA10749-1321-40B7-A1D2-637A76AF41D1}
	EndGlobalSection
EndGlobal
