
Microsoft Visual Studio Solution File, Format Version 12.00
# Visual Studio Version 17
VisualStudioVersion = 17.0.31808.319
MinimumVisualStudioVersion = 10.0.40219.1
Project("{9A19103F-16F7-4668-BE54-9A1E7A4F7556}") = "DominionLib", "DominionLib\DominionLib.csproj", "{BDEE1381-0442-4FDF-9052-A75ABE630514}"
EndProject
Project("{9A19103F-16F7-4668-BE54-9A1E7A4F7556}") = "DominionAnalyzer", "DominionAnalyzer\DominionAnalyzer.csproj", "{42E076B0-22FA-4B1D-8DD9-2311411ACDBB}"
EndProject
Global
	GlobalSection(SolutionConfigurationPlatforms) = preSolution
		Debug|Any CPU = Debug|Any CPU
		Release|Any CPU = Release|Any CPU
	EndGlobalSection
	GlobalSection(ProjectConfigurationPlatforms) = postSolution
		{BDEE1381-0442-4FDF-9052-A75ABE630514}.Debug|Any CPU.ActiveCfg = Debug|Any CPU
		{BDEE1381-0442-4FDF-9052-A75ABE630514}.Debug|Any CPU.Build.0 = Debug|Any CPU
		{BDEE1381-0442-4FDF-9052-A75ABE630514}.Release|Any CPU.ActiveCfg = Release|Any CPU
		{BDEE1381-0442-4FDF-9052-A75ABE630514}.Release|Any CPU.Build.0 = Release|Any CPU
		{42E076B0-22FA-4B1D-8DD9-2311411ACDBB}.Debug|Any CPU.ActiveCfg = Debug|Any CPU
		{42E076B0-22FA-4B1D-8DD9-2311411ACDBB}.Debug|Any CPU.Build.0 = Debug|Any CPU
		{42E076B0-22FA-4B1D-8DD9-2311411ACDBB}.Release|Any CPU.ActiveCfg = Release|Any CPU
		{42E076B0-22FA-4B1D-8DD9-2311411ACDBB}.Release|Any CPU.Build.0 = Release|Any CPU
	EndGlobalSection
	GlobalSection(SolutionProperties) = preSolution
		HideSolutionNode = FALSE
	EndGlobalSection
	GlobalSection(ExtensibilityGlobals) = postSolution
		SolutionGuid = {B02BBD74-861B-4136-8BCD-B37E81D11C27}
	EndGlobalSection
EndGlobal
